// !$*UTF8*$!
{
	archiveVersion = 1;
	classes = {
	};
	objectVersion = 46;
	objects = {

/* Begin PBXBuildFile section */
		9CF02AAA1BC765B000B8F1FE /* AppDelegate.swift in Sources */ = {isa = PBXBuildFile; fileRef = 9CF02AA91BC765B000B8F1FE /* AppDelegate.swift */; };
		9CF02AAC1BC765B000B8F1FE /* ViewController.swift in Sources */ = {isa = PBXBuildFile; fileRef = 9CF02AAB1BC765B000B8F1FE /* ViewController.swift */; };
		9CF02AAF1BC765B000B8F1FE /* Main.storyboard in Resources */ = {isa = PBXBuildFile; fileRef = 9CF02AAD1BC765B000B8F1FE /* Main.storyboard */; };
		9CF02AB11BC765B000B8F1FE /* Assets.xcassets in Resources */ = {isa = PBXBuildFile; fileRef = 9CF02AB01BC765B000B8F1FE /* Assets.xcassets */; };
		9CF02AB41BC765B000B8F1FE /* LaunchScreen.storyboard in Resources */ = {isa = PBXBuildFile; fileRef = 9CF02AB21BC765B000B8F1FE /* LaunchScreen.storyboard */; };
/* End PBXBuildFile section */

/* Begin PBXFileReference section */
		9CF02AA61BC765AF00B8F1FE /* Times Tables.app */ = {isa = PBXFileReference; explicitFileType = wrapper.application; includeInIndex = 0; path = "Times Tables.app"; sourceTree = BUILT_PRODUCTS_DIR; };
		9CF02AA91BC765B000B8F1FE /* AppDelegate.swift */ = {isa = PBXFileReference; lastKnownFileType = sourcecode.swift; path = AppDelegate.swift; sourceTree = "<group>"; };
		9CF02AAB1BC765B000B8F1FE /* ViewController.swift */ = {isa = PBXFileReference; lastKnownFileType = sourcecode.swift; path = ViewController.swift; sourceTree = "<group>"; };
		9CF02AAE1BC765B000B8F1FE /* Base */ = {isa = PBXFileReference; lastKnownFileType = file.storyboard; name = Base; path = Base.lproj/Main.storyboard; sourceTree = "<group>"; };
		9CF02AB01BC765B000B8F1FE /* Assets.xcassets */ = {isa = PBXFileReference; lastKnownFileType = folder.assetcatalog; path = Assets.xcassets; sourceTree = "<group>"; };
		9CF02AB31BC765B000B8F1FE /* Base */ = {isa = PBXFileReference; lastKnownFileType = file.storyboard; name = Base; path = Base.lproj/LaunchScreen.storyboard; sourceTree = "<group>"; };
		9CF02AB51BC765B000B8F1FE /* Info.plist */ = {isa = PBXFileReference; lastKnownFileType = text.plist.xml; path = Info.plist; sourceTree = "<group>"; };
/* End PBXFileReference section */

/* Begin PBXFrameworksBuildPhase section */
		9CF02AA31BC765AF00B8F1FE /* Frameworks */ = {
			isa = PBXFrameworksBuildPhase;
			buildActionMask = 2147483647;
			files = (
			);
			runOnlyForDeploymentPostprocessing = 0;
		};
/* End PBXFrameworksBuildPhase section */

/* Begin PBXGroup section */
		9CF02A9D1BC765AF00B8F1FE = {
			isa = PBXGroup;
			children = (
				9CF02AA81BC765AF00B8F1FE /* Times Tables */,
				9CF02AA71BC765AF00B8F1FE /* Products */,
			);
			sourceTree = "<group>";
		};
		9CF02AA71BC765AF00B8F1FE /* Products */ = {
			isa = PBXGroup;
			children = (
				9CF02AA61BC765AF00B8F1FE /* Times Tables.app */,
			);
			name = Products;
			sourceTree = "<group>";
		};
		9CF02AA81BC765AF00B8F1FE /* Times Tables */ = {
			isa = PBXGroup;
			children = (
				9CF02AA91BC765B000B8F1FE /* AppDelegate.swift */,
				9CF02AAB1BC765B000B8F1FE /* ViewController.swift */,
				9CF02AAD1BC765B000B8F1FE /* Main.storyboard */,
				9CF02AB01BC765B000B8F1FE /* Assets.xcassets */,
				9CF02AB21BC765B000B8F1FE /* LaunchScreen.storyboard */,
				9CF02AB51BC765B000B8F1FE /* Info.plist */,
			);
			path = "Times Tables";
			sourceTree = "<group>";
		};
/* End PBXGroup section */

/* Begin PBXNativeTarget section */
		9CF02AA51BC765AF00B8F1FE /* Times Tables */ = {
			isa = PBXNativeTarget;
			buildConfigurationList = 9CF02AB81BC765B000B8F1FE /* Build configuration list for PBXNativeTarget "Times Tables" */;
			buildPhases = (
				9CF02AA21BC765AF00B8F1FE /* Sources */,
				9CF02AA31BC765AF00B8F1FE /* Frameworks */,
				9CF02AA41BC765AF00B8F1FE /* Resources */,
			);
			buildRules = (
			);
			dependencies = (
			);
			name = "Times Tables";
			productName = "Times Tables";
			productReference = 9CF02AA61BC765AF00B8F1FE /* Times Tables.app */;
			productType = "com.apple.product-type.application";
		};
/* End PBXNativeTarget section */

/* Begin PBXProject section */
		9CF02A9E1BC765AF00B8F1FE /* Project object */ = {
			isa = PBXProject;
			attributes = {
				LastUpgradeCheck = 0700;
				ORGANIZATIONNAME = "Bella Voce Productions";
				TargetAttributes = {
					9CF02AA51BC765AF00B8F1FE = {
						CreatedOnToolsVersion = 7.0.1;
						DevelopmentTeam = FEF46939Q9;
					};
				};
			};
			buildConfigurationList = 9CF02AA11BC765AF00B8F1FE /* Build configuration list for PBXProject "Times Tables" */;
			compatibilityVersion = "Xcode 3.2";
			developmentRegion = English;
			hasScannedForEncodings = 0;
			knownRegions = (
				en,
				Base,
			);
			mainGroup = 9CF02A9D1BC765AF00B8F1FE;
			productRefGroup = 9CF02AA71BC765AF00B8F1FE /* Products */;
			projectDirPath = "";
			projectRoot = "";
			targets = (
				9CF02AA51BC765AF00B8F1FE /* Times Tables */,
			);
		};
/* End PBXProject section */

/* Begin PBXResourcesBuildPhase section */
		9CF02AA41BC765AF00B8F1FE /* Resources */ = {
			isa = PBXResourcesBuildPhase;
			buildActionMask = 2147483647;
			files = (
				9CF02AB41BC765B000B8F1FE /* LaunchScreen.storyboard in Resources */,
				9CF02AB11BC765B000B8F1FE /* Assets.xcassets in Resources */,
				9CF02AAF1BC765B000B8F1FE /* Main.storyboard in Resources */,
			);
			runOnlyForDeploymentPostprocessing = 0;
		};
/* End PBXResourcesBuildPhase section */

/* Begin PBXSourcesBuildPhase section */
		9CF02AA21BC765AF00B8F1FE /* Sources */ = {
			isa = PBXSourcesBuildPhase;
			buildActionMask = 2147483647;
			files = (
				9CF02AAC1BC765B000B8F1FE /* ViewController.swift in Sources */,
				9CF02AAA1BC765B000B8F1FE /* AppDelegate.swift in Sources */,
			);
			runOnlyForDeploymentPostprocessing = 0;
		};
/* End PBXSourcesBuildPhase section */

/* Begin PBXVariantGroup section */
		9CF02AAD1BC765B000B8F1FE /* Main.storyboard */ = {
			isa = PBXVariantGroup;
			children = (
				9CF02AAE1BC765B000B8F1FE /* Base */,
			);
			name = Main.storyboard;
			sourceTree = "<group>";
		};
		9CF02AB21BC765B000B8F1FE /* LaunchScreen.storyboard */ = {
			isa = PBXVariantGroup;
			children = (
				9CF02AB31BC765B000B8F1FE /* Base */,
			);
			name = LaunchScreen.storyboard;
			sourceTree = "<group>";
		};
/* End PBXVariantGroup section */

/* Begin XCBuildConfiguration section */
		9CF02AB61BC765B000B8F1FE /* Debug */ = {
			isa = XCBuildConfiguration;
			buildSettings = {
				ALWAYS_SEARCH_USER_PATHS = NO;
				CLANG_CXX_LANGUAGE_STANDARD = "gnu++0x";
				CLANG_CXX_LIBRARY = "libc++";
				CLANG_ENABLE_MODULES = YES;
				CLANG_ENABLE_OBJC_ARC = YES;
				CLANG_WARN_BOOL_CONVERSION = YES;
				CLANG_WARN_CONSTANT_CONVERSION = YES;
				CLANG_WARN_DIRECT_OBJC_ISA_USAGE = YES_ERROR;
				CLANG_WARN_EMPTY_BODY = YES;
				CLANG_WARN_ENUM_CONVERSION = YES;
				CLANG_WARN_INT_CONVERSION = YES;
				CLANG_WARN_OBJC_ROOT_CLASS = YES_ERROR;
				CLANG_WARN_UNREACHABLE_CODE = YES;
				CLANG_WARN__DUPLICATE_METHOD_MATCH = YES;
				"CODE_SIGN_IDENTITY[sdk=iphoneos*]" = "iPhone Developer";
				COPY_PHASE_STRIP = NO;
				DEBUG_INFORMATION_FORMAT = dwarf;
				ENABLE_STRICT_OBJC_MSGSEND = YES;
				ENABLE_TESTABILITY = YES;
				GCC_C_LANGUAGE_STANDARD = gnu99;
				GCC_DYNAMIC_NO_PIC = NO;
				GCC_NO_COMMON_BLOCKS = YES;
				GCC_OPTIMIZATION_LEVEL = 0;
				GCC_PREPROCESSOR_DEFINITIONS = (
					"DEBUG=1",
					"$(inherited)",
				);
				GCC_WARN_64_TO_32_BIT_CONVERSION = YES;
				GCC_WARN_ABOUT_RETURN_TYPE = YES_ERROR;
				GCC_WARN_UNDECLARED_SELECTOR = YES;
				GCC_WARN_UNINITIALIZED_AUTOS = YES_AGGRESSIVE;
				GCC_WARN_UNUSED_FUNCTION = YES;
				GCC_WARN_UNUSED_VARIABLE = YES;
				IPHONEOS_DEPLOYMENT_TARGET = 9.0;
				MTL_ENABLE_DEBUG_INFO = YES;
				ONLY_ACTIVE_ARCH = YES;
				SDKROOT = iphoneos;
				SWIFT_OPTIMIZATION_LEVEL = "-Onone";
			};
			name = Debug;
		};
		9CF02AB71BC765B000B8F1FE /* Release */ = {
			isa = XCBuildConfiguration;
			buildSettings = {
				ALWAYS_SEARCH_USER_PATHS = NO;
				CLANG_CXX_LANGUAGE_STANDARD = "gnu++0x";
				CLANG_CXX_LIBRARY = "libc++";
				CLANG_ENABLE_MODULES = YES;
				CLANG_ENABLE_OBJC_ARC = YES;
				CLANG_WARN_BOOL_CONVERSION = YES;
				CLANG_WARN_CONSTANT_CONVERSION = YES;
				CLANG_WARN_DIRECT_OBJC_ISA_USAGE = YES_ERROR;
				CLANG_WARN_EMPTY_BODY = YES;
				CLANG_WARN_ENUM_CONVERSION = YES;
				CLANG_WARN_INT_CONVERSION = YES;
				CLANG_WARN_OBJC_ROOT_CLASS = YES_ERROR;
				CLANG_WARN_UNREACHABLE_CODE = YES;
				CLANG_WARN__DUPLICATE_METHOD_MATCH = YES;
				"CODE_SIGN_IDENTITY[sdk=iphoneos*]" = "iPhone Developer";
				COPY_PHASE_STRIP = NO;
				DEBUG_INFORMATION_FORMAT = "dwarf-with-dsym";
				ENABLE_NS_ASSERTIONS = NO;
				ENABLE_STRICT_OBJC_MSGSEND = YES;
				GCC_C_LANGUAGE_STANDARD = gnu99;
				GCC_NO_COMMON_BLOCKS = YES;
				GCC_WARN_64_TO_32_BIT_CONVERSION = YES;
				GCC_WARN_ABOUT_RETURN_TYPE = YES_ERROR;
				GCC_WARN_UNDECLARED_SELECTOR = YES;
				GCC_WARN_UNINITIALIZED_AUTOS = YES_AGGRESSIVE;
				GCC_WARN_UNUSED_FUNCTION = YES;
				GCC_WARN_UNUSED_VARIABLE = YES;
				IPHONEOS_DEPLOYMENT_TARGET = 9.0;
				MTL_ENABLE_DEBUG_INFO = NO;
				SDKROOT = iphoneos;
				VALIDATE_PRODUCT = YES;
			};
			name = Release;
		};
		9CF02AB91BC765B000B8F1FE /* Debug */ = {
			isa = XCBuildConfiguration;
			buildSettings = {
				ASSETCATALOG_COMPILER_APPICON_NAME = AppIcon;
				INFOPLIST_FILE = "Times Tables/Info.plist";
				LD_RUNPATH_SEARCH_PATHS = "$(inherited) @executable_path/Frameworks";
				PRODUCT_BUNDLE_IDENTIFIER = "com.bellavoceproductions.Times-Tables";
				PRODUCT_NAME = "$(TARGET_NAME)";
			};
			name = Debug;
		};
		9CF02ABA1BC765B000B8F1FE /* Release */ = {
			isa = XCBuildConfiguration;
			buildSettings = {
				ASSETCATALOG_COMPILER_APPICON_NAME = AppIcon;
				INFOPLIST_FILE = "Times Tables/Info.plist";
				LD_RUNPATH_SEARCH_PATHS = "$(inherited) @executable_path/Frameworks";
				PRODUCT_BUNDLE_IDENTIFIER = "com.bellavoceproductions.Times-Tables";
				PRODUCT_NAME = "$(TARGET_NAME)";
			};
			name = Release;
		};
/* End XCBuildConfiguration section */

/* Begin XCConfigurationList section */
		9CF02AA11BC765AF00B8F1FE /* Build configuration list for PBXProject "Times Tables" */ = {
			isa = XCConfigurationList;
			buildConfigurations = (
				9CF02AB61BC765B000B8F1FE /* Debug */,
				9CF02AB71BC765B000B8F1FE /* Release */,
			);
			defaultConfigurationIsVisible = 0;
			defaultConfigurationName = Release;
		};
		9CF02AB81BC765B000B8F1FE /* Build configuration list for PBXNativeTarget "Times Tables" */ = {
			isa = XCConfigurationList;
			buildConfigurations = (
				9CF02AB91BC765B000B8F1FE /* Debug */,
				9CF02ABA1BC765B000B8F1FE /* Release */,
			);
			defaultConfigurationIsVisible = 0;
		};
/* End XCConfigurationList section */
	};
	rootObject = 9CF02A9E1BC765AF00B8F1FE /* Project object */;
}
